
Microsoft Visual Studio Solution File, Format Version 12.00
# Visual Studio Version 17
VisualStudioVersion = 17.2.32602.215
MinimumVisualStudioVersion = 10.0.40219.1
Project("{FAE04EC0-301F-11D3-BF4B-00C04F79EFBC}") = "Lab13", "Lab13\Lab13.csproj", "{4E3E95E7-42DF-4013-8911-64441664D46F}"
EndProject
Global
	GlobalSection(SolutionConfigurationPlatforms) = preSolution
		Debug|Any CPU = Debug|Any CPU
		Release|Any CPU = Release|Any CPU
	EndGlobalSection
	GlobalSection(ProjectConfigurationPlatforms) = postSolution
		{4E3E95E7-42DF-4013-8911-64441664D46F}.Debug|Any CPU.ActiveCfg = Debug|Any CPU
		{4E3E95E7-42DF-4013-8911-64441664D46F}.Debug|Any CPU.Build.0 = Debug|Any CPU
		{4E3E95E7-42DF-4013-8911-64441664D46F}.Release|Any CPU.ActiveCfg = Release|Any CPU
		{4E3E95E7-42DF-4013-8911-64441664D46F}.Release|Any CPU.Build.0 = Release|Any CPU
	EndGlobalSection
	GlobalSection(SolutionProperties) = preSolution
		HideSolutionNode = FALSE
	EndGlobalSection
	GlobalSection(ExtensibilityGlobals) = postSolution
		SolutionGuid = {6E85D9DB-7544-41D8-B2B0-707FEE6F5AE6}
	EndGlobalSection
EndGlobal
